{
  "name": "uaceema",
  "lockfileVersion": 3,
  "requires": true,
  "packages": {
    "": {
      "dependencies": {
        "yuicompressor": "^2.4.8"
      }
    },
    "node_modules/yuicompressor": {
      "version": "2.4.8",
      "resolved": "https://registry.npmjs.org/yuicompressor/-/yuicompressor-2.4.8.tgz",
      "integrity": "sha512-16wxelwLDUReoX3Jp67yqLhGk2TFQQCT9N0jfxeHjPbsZBGf07ZSIKkS7CBIYyoL8hBqJdy2X2HqjutBhSEbtA==",
      "bin": {
        "yuicompressor": "nodejs/cli.js"
      }
    }
  }
}
